
Microsoft Visual Studio Solution File, Format Version 12.00
# Visual Studio Version 16
VisualStudioVersion = 16.0.32106.194
MinimumVisualStudioVersion = 10.0.40219.1
Project("{9A19103F-16F7-4668-BE54-9A1E7A4F7556}") = "GG3902", "GG3902.csproj", "{C2EFA463-2E5B-43EA-B3F2-ECC67CA98C44}"
EndProject
Global
	GlobalSection(SolutionConfigurationPlatforms) = preSolution
		Debug|Any CPU = Debug|Any CPU
		Release|Any CPU = Release|Any CPU
	EndGlobalSection
	GlobalSection(ProjectConfigurationPlatforms) = postSolution
		{C2EFA463-2E5B-43EA-B3F2-ECC67CA98C44}.Debug|Any CPU.ActiveCfg = Debug|Any CPU
		{C2EFA463-2E5B-43EA-B3F2-ECC67CA98C44}.Debug|Any CPU.Build.0 = Debug|Any CPU
		{C2EFA463-2E5B-43EA-B3F2-ECC67CA98C44}.Release|Any CPU.ActiveCfg = Release|Any CPU
		{C2EFA463-2E5B-43EA-B3F2-ECC67CA98C44}.Release|Any CPU.Build.0 = Release|Any CPU
	EndGlobalSection
	GlobalSection(SolutionProperties) = preSolution
		HideSolutionNode = FALSE
	EndGlobalSection
	GlobalSection(ExtensibilityGlobals) = postSolution
		SolutionGuid = {25F219D7-689C-4A7A-B79F-97BA016AE4BE}
	EndGlobalSection
EndGlobal
